
Microsoft Visual Studio Solution File, Format Version 12.00
# Visual Studio Version 17
VisualStudioVersion = 17.4.33122.133
MinimumVisualStudioVersion = 10.0.40219.1
Project("{FAE04EC0-301F-11D3-BF4B-00C04F79EFBC}") = "RecipeTank", "RecipeTank\RecipeTank.csproj", "{05D6D268-6756-4AF3-ABB9-DF17A38954AB}"
EndProject
Global
	GlobalSection(SolutionConfigurationPlatforms) = preSolution
		Debug|Any CPU = Debug|Any CPU
		Release|Any CPU = Release|Any CPU
	EndGlobalSection
	GlobalSection(ProjectConfigurationPlatforms) = postSolution
		{05D6D268-6756-4AF3-ABB9-DF17A38954AB}.Debug|Any CPU.ActiveCfg = Debug|Any CPU
		{05D6D268-6756-4AF3-ABB9-DF17A38954AB}.Debug|Any CPU.Build.0 = Debug|Any CPU
		{05D6D268-6756-4AF3-ABB9-DF17A38954AB}.Release|Any CPU.ActiveCfg = Release|Any CPU
		{05D6D268-6756-4AF3-ABB9-DF17A38954AB}.Release|Any CPU.Build.0 = Release|Any CPU
	EndGlobalSection
	GlobalSection(SolutionProperties) = preSolution
		HideSolutionNode = FALSE
	EndGlobalSection
	GlobalSection(ExtensibilityGlobals) = postSolution
		SolutionGuid = {F843E0FC-A0EA-42B6-809A-938C11A34A3D}
	EndGlobalSection
EndGlobal
